
Microsoft Visual Studio Solution File, Format Version 12.00
# Visual Studio Version 17
VisualStudioVersion = 17.8.34322.80
MinimumVisualStudioVersion = 10.0.40219.1
Project("{9A19103F-16F7-4668-BE54-9A1E7A4F7556}") = "Application", "Application\Application.csproj", "{079C43AD-2A74-4B13-8A68-2A9DDC886FDF}"
EndProject
Project("{FAE04EC0-301F-11D3-BF4B-00C04F79EFBC}") = "Application.Tests", "Application.Tests\Application.Tests.csproj", "{55F7EE86-5853-4FB8-84F8-C4BB8965BD31}"
EndProject
Project("{2150E333-8FDC-42A3-9474-1A3956D46DE8}") = "Tests", "Tests", "{103447CB-A009-4425-98F9-22BD55D91673}"
EndProject
Global
	GlobalSection(SolutionConfigurationPlatforms) = preSolution
		Debug|Any CPU = Debug|Any CPU
		Release|Any CPU = Release|Any CPU
	EndGlobalSection
	GlobalSection(ProjectConfigurationPlatforms) = postSolution
		{079C43AD-2A74-4B13-8A68-2A9DDC886FDF}.Debug|Any CPU.ActiveCfg = Debug|Any CPU
		{079C43AD-2A74-4B13-8A68-2A9DDC886FDF}.Debug|Any CPU.Build.0 = Debug|Any CPU
		{079C43AD-2A74-4B13-8A68-2A9DDC886FDF}.Release|Any CPU.ActiveCfg = Release|Any CPU
		{079C43AD-2A74-4B13-8A68-2A9DDC886FDF}.Release|Any CPU.Build.0 = Release|Any CPU
		{55F7EE86-5853-4FB8-84F8-C4BB8965BD31}.Debug|Any CPU.ActiveCfg = Debug|Any CPU
		{55F7EE86-5853-4FB8-84F8-C4BB8965BD31}.Debug|Any CPU.Build.0 = Debug|Any CPU
		{55F7EE86-5853-4FB8-84F8-C4BB8965BD31}.Release|Any CPU.ActiveCfg = Release|Any CPU
		{55F7EE86-5853-4FB8-84F8-C4BB8965BD31}.Release|Any CPU.Build.0 = Release|Any CPU
	EndGlobalSection
	GlobalSection(SolutionProperties) = preSolution
		HideSolutionNode = FALSE
	EndGlobalSection
	GlobalSection(NestedProjects) = preSolution
		{55F7EE86-5853-4FB8-84F8-C4BB8965BD31} = {103447CB-A009-4425-98F9-22BD55D91673}
	EndGlobalSection
	GlobalSection(ExtensibilityGlobals) = postSolution
		SolutionGuid = {0F0508D1-E1D0-498D-B996-A7E6610DF4D2}
	EndGlobalSection
EndGlobal
